
Microsoft Visual Studio Solution File, Format Version 12.00
# Visual Studio 2013
VisualStudioVersion = 12.0.31101.0
MinimumVisualStudioVersion = 10.0.40219.1
Project("{FAE04EC0-301F-11D3-BF4B-00C04F79EFBC}") = "AssemblyDiscovery45", "src\AssemblyDiscovery45\AssemblyDiscovery45.csproj", "{2AC98623-2FB3-443F-87B4-685276E90E10}"
EndProject
Project("{2150E333-8FDC-42A3-9474-1A3956D46DE8}") = ".nuget", ".nuget", "{1F10A195-5213-41F9-8EA6-D81640A97F56}"
	ProjectSection(SolutionItems) = preProject
		.nuget\NuGet.Config = .nuget\NuGet.Config
		.nuget\NuGet.exe = .nuget\NuGet.exe
	EndProjectSection
EndProject
Project("{2150E333-8FDC-42A3-9474-1A3956D46DE8}") = "Build", "Build", "{886374D2-2D55-4C2B-84CF-D308D03BBB8B}"
	ProjectSection(SolutionItems) = preProject
		AssemblyDiscovery.msbuild = AssemblyDiscovery.msbuild
		Build\NuspecFiles\AssemblyDiscovery.nuspec = Build\NuspecFiles\AssemblyDiscovery.nuspec
		AssemblyDiscovery.targets = AssemblyDiscovery.targets
	EndProjectSection
EndProject
Project("{2150E333-8FDC-42A3-9474-1A3956D46DE8}") = "Sample", "Sample", "{23819FCD-DF26-418A-A18A-0B16B9992A26}"
EndProject
Project("{FAE04EC0-301F-11D3-BF4B-00C04F79EFBC}") = "SampleProject.ConsoleApp", "samples\SampleProject.ConsoleApp\SampleProject.ConsoleApp.csproj", "{CAB575A5-0661-42FF-B57C-61EC51930401}"
EndProject
Project("{FAE04EC0-301F-11D3-BF4B-00C04F79EFBC}") = "SampleProject.ClassLib01", "samples\SampleProject.ClassLib01\SampleProject.ClassLib01.csproj", "{CCEA6B5E-2D68-4E11-B8F8-7BD6E8BD0871}"
EndProject
Global
	GlobalSection(SolutionConfigurationPlatforms) = preSolution
		Debug|Any CPU = Debug|Any CPU
		Debug|x64 = Debug|x64
		Debug|x86 = Debug|x86
		Release|Any CPU = Release|Any CPU
		Release|x64 = Release|x64
		Release|x86 = Release|x86
	EndGlobalSection
	GlobalSection(ProjectConfigurationPlatforms) = postSolution
		{2AC98623-2FB3-443F-87B4-685276E90E10}.Debug|Any CPU.ActiveCfg = Debug|Any CPU
		{2AC98623-2FB3-443F-87B4-685276E90E10}.Debug|Any CPU.Build.0 = Debug|Any CPU
		{2AC98623-2FB3-443F-87B4-685276E90E10}.Debug|x64.ActiveCfg = Debug|x64
		{2AC98623-2FB3-443F-87B4-685276E90E10}.Debug|x64.Build.0 = Debug|x64
		{2AC98623-2FB3-443F-87B4-685276E90E10}.Debug|x86.ActiveCfg = Debug|x86
		{2AC98623-2FB3-443F-87B4-685276E90E10}.Debug|x86.Build.0 = Debug|x86
		{2AC98623-2FB3-443F-87B4-685276E90E10}.Release|Any CPU.ActiveCfg = Release|Any CPU
		{2AC98623-2FB3-443F-87B4-685276E90E10}.Release|Any CPU.Build.0 = Release|Any CPU
		{2AC98623-2FB3-443F-87B4-685276E90E10}.Release|x64.ActiveCfg = Release|x64
		{2AC98623-2FB3-443F-87B4-685276E90E10}.Release|x64.Build.0 = Release|x64
		{2AC98623-2FB3-443F-87B4-685276E90E10}.Release|x86.ActiveCfg = Release|x86
		{2AC98623-2FB3-443F-87B4-685276E90E10}.Release|x86.Build.0 = Release|x86
		{CAB575A5-0661-42FF-B57C-61EC51930401}.Debug|Any CPU.ActiveCfg = Debug|Any CPU
		{CAB575A5-0661-42FF-B57C-61EC51930401}.Debug|Any CPU.Build.0 = Debug|Any CPU
		{CAB575A5-0661-42FF-B57C-61EC51930401}.Debug|x64.ActiveCfg = Debug|Any CPU
		{CAB575A5-0661-42FF-B57C-61EC51930401}.Debug|x86.ActiveCfg = Debug|Any CPU
		{CAB575A5-0661-42FF-B57C-61EC51930401}.Release|Any CPU.ActiveCfg = Release|Any CPU
		{CAB575A5-0661-42FF-B57C-61EC51930401}.Release|Any CPU.Build.0 = Release|Any CPU
		{CAB575A5-0661-42FF-B57C-61EC51930401}.Release|x64.ActiveCfg = Release|Any CPU
		{CAB575A5-0661-42FF-B57C-61EC51930401}.Release|x86.ActiveCfg = Release|Any CPU
		{CCEA6B5E-2D68-4E11-B8F8-7BD6E8BD0871}.Debug|Any CPU.ActiveCfg = Debug|Any CPU
		{CCEA6B5E-2D68-4E11-B8F8-7BD6E8BD0871}.Debug|Any CPU.Build.0 = Debug|Any CPU
		{CCEA6B5E-2D68-4E11-B8F8-7BD6E8BD0871}.Debug|x64.ActiveCfg = Debug|Any CPU
		{CCEA6B5E-2D68-4E11-B8F8-7BD6E8BD0871}.Debug|x86.ActiveCfg = Debug|Any CPU
		{CCEA6B5E-2D68-4E11-B8F8-7BD6E8BD0871}.Release|Any CPU.ActiveCfg = Release|Any CPU
		{CCEA6B5E-2D68-4E11-B8F8-7BD6E8BD0871}.Release|Any CPU.Build.0 = Release|Any CPU
		{CCEA6B5E-2D68-4E11-B8F8-7BD6E8BD0871}.Release|x64.ActiveCfg = Release|Any CPU
		{CCEA6B5E-2D68-4E11-B8F8-7BD6E8BD0871}.Release|x86.ActiveCfg = Release|Any CPU
	EndGlobalSection
	GlobalSection(SolutionProperties) = preSolution
		HideSolutionNode = FALSE
	EndGlobalSection
	GlobalSection(NestedProjects) = preSolution
		{CAB575A5-0661-42FF-B57C-61EC51930401} = {23819FCD-DF26-418A-A18A-0B16B9992A26}
		{CCEA6B5E-2D68-4E11-B8F8-7BD6E8BD0871} = {23819FCD-DF26-418A-A18A-0B16B9992A26}
	EndGlobalSection
EndGlobal
